schema: '2.0'
stages:
  data_ingestion:
    cmd: python src/data_ingestion.py
    deps:
    - path: src/data_ingestion.py
      hash: md5
      md5: 1f7f84476a4c7b7c33a7e349355d71d6
      size: 3625
    params:
      params.yaml:
        data_ingestion.test_size: 0.3
    outs:
    - path: data/raw
      hash: md5
      md5: d26befd2dda9438254177d9000d9ba1f.dir
      size: 484846
      nfiles: 2
  data_preprocessing:
    cmd: python src/data_preprocessing.py
    deps:
    - path: data/raw
      hash: md5
      md5: d26befd2dda9438254177d9000d9ba1f.dir
      size: 484846
      nfiles: 2
    - path: src/data_preprocessing.py
      hash: md5
      md5: 4abc045f85cf70dbb6bd8391085eef55
      size: 4068
    outs:
    - path: data/interim
      hash: md5
      md5: 252a698ebf74ec33f2dbf7e222747d0e.dir
      size: 278609
      nfiles: 2
  feature_engineering:
    cmd: python src/feature_engineering.py
    deps:
    - path: data/interim
      hash: md5
      md5: 252a698ebf74ec33f2dbf7e222747d0e.dir
      size: 278609
      nfiles: 2
    - path: src/feature_engineering.py
      hash: md5
      md5: 58dff522a105df91355eefe75bb2285e
      size: 3891
    params:
      params.yaml:
        feature_engineering.max_features: 39
    outs:
    - path: data/processed
      hash: md5
      md5: 6406865a0673313fda3d8ffd38cd94a4.dir
      size: 936092
      nfiles: 2
  model_building:
    cmd: python src/model_building.py
    deps:
    - path: data/processed
      hash: md5
      md5: 6406865a0673313fda3d8ffd38cd94a4.dir
      size: 936092
      nfiles: 2
    - path: src/model_building.py
      hash: md5
      md5: 93004cfa75afe75cb59e7a9797a6078f
      size: 4432
    params:
      params.yaml:
        model_building.n_estimators: 24
        model_building.random_state: 46
    outs:
    - path: models/model.pkl
      hash: md5
      md5: 8db8bb611ddd5d6e126db35e9eb0278e
      size: 733721
  model_evaluation:
    cmd: python src/model_evaluation.py
    deps:
    - path: models/model.pkl
      hash: md5
      md5: 8db8bb611ddd5d6e126db35e9eb0278e
      size: 733721
    - path: src/model_evaluation.py
      hash: md5
      md5: 553abb63c25d201ab4732efe779df04d
      size: 4639
    outs:
    - path: reports/metrics.json
      hash: md5
      md5: d4010c77ec176e24a089ad4cf2127a12
      size: 131
